
Microsoft Visual Studio Solution File, Format Version 12.00
# Visual Studio Version 17
VisualStudioVersion = 17.9.34902.65
MinimumVisualStudioVersion = 10.0.40219.1
Project("{FAE04EC0-301F-11D3-BF4B-00C04F79EFBC}") = "TradeProjectService", "TradeProjectService\TradeProjectService.csproj", "{49B5A158-1F66-4309-AB96-D6B16BE5BDA3}"
EndProject
Global
	GlobalSection(SolutionConfigurationPlatforms) = preSolution
		Debug|Any CPU = Debug|Any CPU
		Release|Any CPU = Release|Any CPU
	EndGlobalSection
	GlobalSection(ProjectConfigurationPlatforms) = postSolution
		{49B5A158-1F66-4309-AB96-D6B16BE5BDA3}.Debug|Any CPU.ActiveCfg = Debug|Any CPU
		{49B5A158-1F66-4309-AB96-D6B16BE5BDA3}.Debug|Any CPU.Build.0 = Debug|Any CPU
		{49B5A158-1F66-4309-AB96-D6B16BE5BDA3}.Release|Any CPU.ActiveCfg = Release|Any CPU
		{49B5A158-1F66-4309-AB96-D6B16BE5BDA3}.Release|Any CPU.Build.0 = Release|Any CPU
	EndGlobalSection
	GlobalSection(SolutionProperties) = preSolution
		HideSolutionNode = FALSE
	EndGlobalSection
	GlobalSection(ExtensibilityGlobals) = postSolution
		SolutionGuid = {A00925F1-D4A3-4648-8DA9-846FB6A19741}
	EndGlobalSection
EndGlobal
